
Microsoft Visual Studio Solution File, Format Version 12.00
# Visual Studio Version 17
VisualStudioVersion = 17.14.36017.23
MinimumVisualStudioVersion = 10.0.40219.1
Project("{2150E333-8FDC-42A3-9474-1A3956D46DE8}") = "Services", "Services", "{02EA681E-C7D8-13C7-8484-4AC65E1B71E8}"
EndProject
Project("{2150E333-8FDC-42A3-9474-1A3956D46DE8}") = "Catalog", "Catalog", "{414937A6-5CF0-40A3-8ED2-48F9BB8AB858}"
EndProject
Project("{FAE04EC0-301F-11D3-BF4B-00C04F79EFBC}") = "MultiShop.Catalog", "Services\Catalog\MultiShop.Catalog\MultiShop.Catalog.csproj", "{8AFA2B97-63DE-4F3E-B27A-AEDE16DDDA67}"
EndProject
Project("{2150E333-8FDC-42A3-9474-1A3956D46DE8}") = "Discount", "Discount", "{DE76B7E3-D949-45EA-B82D-6F6328724870}"
EndProject
Project("{FAE04EC0-301F-11D3-BF4B-00C04F79EFBC}") = "MultiShop.Discount", "Services\Discount\MultiShop.Discount\MultiShop.Discount.csproj", "{11206481-0D1C-42B9-9807-ABF1E6E6202F}"
EndProject
Project("{2150E333-8FDC-42A3-9474-1A3956D46DE8}") = "Order", "Order", "{D9940C32-86C8-450B-9DAD-C2AA87BDA591}"
EndProject
Project("{2150E333-8FDC-42A3-9474-1A3956D46DE8}") = "Core", "Core", "{2D1B217E-9B12-4FBD-8FD5-3002CF69A0B0}"
EndProject
Project("{2150E333-8FDC-42A3-9474-1A3956D46DE8}") = "Infrastructure", "Infrastructure", "{BD683110-C6CA-4A62-AEBA-4395137223CC}"
EndProject
Project("{2150E333-8FDC-42A3-9474-1A3956D46DE8}") = "Presentation", "Presentation", "{F15F1BED-E777-44FC-A5EB-9F3E3235BB87}"
EndProject
Project("{FAE04EC0-301F-11D3-BF4B-00C04F79EFBC}") = "MultiShop.Order.Domain", "Services\Order\Core\MultiShop.Order.Domain\MultiShop.Order.Domain.csproj", "{5D297088-1B49-4FAE-B179-2A0223A4F5C9}"
EndProject
Project("{FAE04EC0-301F-11D3-BF4B-00C04F79EFBC}") = "MultiShop.Order.Application", "Services\Order\Core\MultiShop.Order.Application\MultiShop.Order.Application.csproj", "{9CF08515-BBA8-4B47-9FA7-598445F8AD3D}"
EndProject
Project("{FAE04EC0-301F-11D3-BF4B-00C04F79EFBC}") = "MultiShop.Order.Persistence", "Services\Order\Infrastructure\MultiShop.Order.Persistence\MultiShop.Order.Persistence.csproj", "{0AF8B5E0-CEF5-448B-8558-BD162FAFC637}"
EndProject
Project("{FAE04EC0-301F-11D3-BF4B-00C04F79EFBC}") = "MultiShop.Order.WebApi", "Services\Order\Presentation\MultiShop.Order.WebApi\MultiShop.Order.WebApi.csproj", "{0DB0EBC4-451F-4BE5-B75A-849A43364278}"
EndProject
Project("{2150E333-8FDC-42A3-9474-1A3956D46DE8}") = "IdentityServer", "IdentityServer", "{71D2A58E-2646-443D-8E8E-DE537B6DDD3B}"
EndProject
Project("{FAE04EC0-301F-11D3-BF4B-00C04F79EFBC}") = "MultiShop.IdentityServer", "IdentityServer\MultiShop.IdentityServer\MultiShop.IdentityServer.csproj", "{EA14094F-FB55-5ABC-1402-B4229C4AD0B1}"
EndProject
Project("{2150E333-8FDC-42A3-9474-1A3956D46DE8}") = "Requirements", "Requirements", "{BDCAAFC4-D095-4A1D-8742-F01BD2296780}"
	ProjectSection(SolutionItems) = preProject
		IdentityServerVersionErrorSolution.txt = IdentityServerVersionErrorSolution.txt
		PortainerCmd.txt = PortainerCmd.txt
		PortNumbers.txt = PortNumbers.txt
	EndProjectSection
EndProject
Project("{2150E333-8FDC-42A3-9474-1A3956D46DE8}") = "Cargo", "Cargo", "{1129236A-CEDE-490C-B5C8-02D91D89088B}"
EndProject
Project("{FAE04EC0-301F-11D3-BF4B-00C04F79EFBC}") = "MultiShop.Cargo.EntityLayer", "Services.Cargo\MultiShop.Cargo.EntityLayer\MultiShop.Cargo.EntityLayer.csproj", "{3632C5EF-533F-4729-959A-ECD9550225A2}"
EndProject
Project("{FAE04EC0-301F-11D3-BF4B-00C04F79EFBC}") = "MultiShop.Cargo.BusinessLayer", "Services.Cargo\MultiShop.Cargo.BusinessLayer\MultiShop.Cargo.BusinessLayer.csproj", "{5F192368-092D-4D41-9A99-D184E6868705}"
EndProject
Project("{FAE04EC0-301F-11D3-BF4B-00C04F79EFBC}") = "MultiShop.Cargo.DataAccessLayer", "Services\Cargo\MultiShop.Cargo.DataAccessLayer\MultiShop.Cargo.DataAccessLayer.csproj", "{6F9A9102-5FE9-41C7-A151-ACAC2FD7BBBE}"
EndProject
Project("{FAE04EC0-301F-11D3-BF4B-00C04F79EFBC}") = "MultiShop.Cargo.DtoLayer", "Services\Cargo\MultiShop.Cargo.DtoLayer\MultiShop.Cargo.DtoLayer.csproj", "{0882A738-0210-4930-BAF1-4DC2BE5BC0D2}"
EndProject
Project("{FAE04EC0-301F-11D3-BF4B-00C04F79EFBC}") = "MultiShop.Cargo.WebApi", "Services\Cargo\MultiShop.Cargo.WebApi\MultiShop.Cargo.WebApi.csproj", "{4A2C90EE-6470-4271-B108-AEC919249C5D}"
EndProject
Project("{2150E333-8FDC-42A3-9474-1A3956D46DE8}") = "Basket", "Basket", "{B30ABE95-4407-451D-ADCA-333473B1ACC1}"
EndProject
Project("{FAE04EC0-301F-11D3-BF4B-00C04F79EFBC}") = "MultiShop.Basket", "Services\Basket\MultiShop.Basket\MultiShop.Basket.csproj", "{D97B470D-ABA1-4494-BD5C-7272203C2417}"
EndProject
Global
	GlobalSection(SolutionConfigurationPlatforms) = preSolution
		Debug|Any CPU = Debug|Any CPU
		Release|Any CPU = Release|Any CPU
	EndGlobalSection
	GlobalSection(ProjectConfigurationPlatforms) = postSolution
		{8AFA2B97-63DE-4F3E-B27A-AEDE16DDDA67}.Debug|Any CPU.ActiveCfg = Debug|Any CPU
		{8AFA2B97-63DE-4F3E-B27A-AEDE16DDDA67}.Debug|Any CPU.Build.0 = Debug|Any CPU
		{8AFA2B97-63DE-4F3E-B27A-AEDE16DDDA67}.Release|Any CPU.ActiveCfg = Release|Any CPU
		{8AFA2B97-63DE-4F3E-B27A-AEDE16DDDA67}.Release|Any CPU.Build.0 = Release|Any CPU
		{11206481-0D1C-42B9-9807-ABF1E6E6202F}.Debug|Any CPU.ActiveCfg = Debug|Any CPU
		{11206481-0D1C-42B9-9807-ABF1E6E6202F}.Debug|Any CPU.Build.0 = Debug|Any CPU
		{11206481-0D1C-42B9-9807-ABF1E6E6202F}.Release|Any CPU.ActiveCfg = Release|Any CPU
		{11206481-0D1C-42B9-9807-ABF1E6E6202F}.Release|Any CPU.Build.0 = Release|Any CPU
		{5D297088-1B49-4FAE-B179-2A0223A4F5C9}.Debug|Any CPU.ActiveCfg = Debug|Any CPU
		{5D297088-1B49-4FAE-B179-2A0223A4F5C9}.Debug|Any CPU.Build.0 = Debug|Any CPU
		{5D297088-1B49-4FAE-B179-2A0223A4F5C9}.Release|Any CPU.ActiveCfg = Release|Any CPU
		{5D297088-1B49-4FAE-B179-2A0223A4F5C9}.Release|Any CPU.Build.0 = Release|Any CPU
		{9CF08515-BBA8-4B47-9FA7-598445F8AD3D}.Debug|Any CPU.ActiveCfg = Debug|Any CPU
		{9CF08515-BBA8-4B47-9FA7-598445F8AD3D}.Debug|Any CPU.Build.0 = Debug|Any CPU
		{9CF08515-BBA8-4B47-9FA7-598445F8AD3D}.Release|Any CPU.ActiveCfg = Release|Any CPU
		{9CF08515-BBA8-4B47-9FA7-598445F8AD3D}.Release|Any CPU.Build.0 = Release|Any CPU
		{0AF8B5E0-CEF5-448B-8558-BD162FAFC637}.Debug|Any CPU.ActiveCfg = Debug|Any CPU
		{0AF8B5E0-CEF5-448B-8558-BD162FAFC637}.Debug|Any CPU.Build.0 = Debug|Any CPU
		{0AF8B5E0-CEF5-448B-8558-BD162FAFC637}.Release|Any CPU.ActiveCfg = Release|Any CPU
		{0AF8B5E0-CEF5-448B-8558-BD162FAFC637}.Release|Any CPU.Build.0 = Release|Any CPU
		{0DB0EBC4-451F-4BE5-B75A-849A43364278}.Debug|Any CPU.ActiveCfg = Debug|Any CPU
		{0DB0EBC4-451F-4BE5-B75A-849A43364278}.Debug|Any CPU.Build.0 = Debug|Any CPU
		{0DB0EBC4-451F-4BE5-B75A-849A43364278}.Release|Any CPU.ActiveCfg = Release|Any CPU
		{0DB0EBC4-451F-4BE5-B75A-849A43364278}.Release|Any CPU.Build.0 = Release|Any CPU
		{EA14094F-FB55-5ABC-1402-B4229C4AD0B1}.Debug|Any CPU.ActiveCfg = Debug|Any CPU
		{EA14094F-FB55-5ABC-1402-B4229C4AD0B1}.Debug|Any CPU.Build.0 = Debug|Any CPU
		{EA14094F-FB55-5ABC-1402-B4229C4AD0B1}.Release|Any CPU.ActiveCfg = Release|Any CPU
		{EA14094F-FB55-5ABC-1402-B4229C4AD0B1}.Release|Any CPU.Build.0 = Release|Any CPU
		{3632C5EF-533F-4729-959A-ECD9550225A2}.Debug|Any CPU.ActiveCfg = Debug|Any CPU
		{3632C5EF-533F-4729-959A-ECD9550225A2}.Debug|Any CPU.Build.0 = Debug|Any CPU
		{3632C5EF-533F-4729-959A-ECD9550225A2}.Release|Any CPU.ActiveCfg = Release|Any CPU
		{3632C5EF-533F-4729-959A-ECD9550225A2}.Release|Any CPU.Build.0 = Release|Any CPU
		{5F192368-092D-4D41-9A99-D184E6868705}.Debug|Any CPU.ActiveCfg = Debug|Any CPU
		{5F192368-092D-4D41-9A99-D184E6868705}.Debug|Any CPU.Build.0 = Debug|Any CPU
		{5F192368-092D-4D41-9A99-D184E6868705}.Release|Any CPU.ActiveCfg = Release|Any CPU
		{5F192368-092D-4D41-9A99-D184E6868705}.Release|Any CPU.Build.0 = Release|Any CPU
		{6F9A9102-5FE9-41C7-A151-ACAC2FD7BBBE}.Debug|Any CPU.ActiveCfg = Debug|Any CPU
		{6F9A9102-5FE9-41C7-A151-ACAC2FD7BBBE}.Debug|Any CPU.Build.0 = Debug|Any CPU
		{6F9A9102-5FE9-41C7-A151-ACAC2FD7BBBE}.Release|Any CPU.ActiveCfg = Release|Any CPU
		{6F9A9102-5FE9-41C7-A151-ACAC2FD7BBBE}.Release|Any CPU.Build.0 = Release|Any CPU
		{0882A738-0210-4930-BAF1-4DC2BE5BC0D2}.Debug|Any CPU.ActiveCfg = Debug|Any CPU
		{0882A738-0210-4930-BAF1-4DC2BE5BC0D2}.Debug|Any CPU.Build.0 = Debug|Any CPU
		{0882A738-0210-4930-BAF1-4DC2BE5BC0D2}.Release|Any CPU.ActiveCfg = Release|Any CPU
		{0882A738-0210-4930-BAF1-4DC2BE5BC0D2}.Release|Any CPU.Build.0 = Release|Any CPU
		{4A2C90EE-6470-4271-B108-AEC919249C5D}.Debug|Any CPU.ActiveCfg = Debug|Any CPU
		{4A2C90EE-6470-4271-B108-AEC919249C5D}.Debug|Any CPU.Build.0 = Debug|Any CPU
		{4A2C90EE-6470-4271-B108-AEC919249C5D}.Release|Any CPU.ActiveCfg = Release|Any CPU
		{4A2C90EE-6470-4271-B108-AEC919249C5D}.Release|Any CPU.Build.0 = Release|Any CPU
		{D97B470D-ABA1-4494-BD5C-7272203C2417}.Debug|Any CPU.ActiveCfg = Debug|Any CPU
		{D97B470D-ABA1-4494-BD5C-7272203C2417}.Debug|Any CPU.Build.0 = Debug|Any CPU
		{D97B470D-ABA1-4494-BD5C-7272203C2417}.Release|Any CPU.ActiveCfg = Release|Any CPU
		{D97B470D-ABA1-4494-BD5C-7272203C2417}.Release|Any CPU.Build.0 = Release|Any CPU
	EndGlobalSection
	GlobalSection(SolutionProperties) = preSolution
		HideSolutionNode = FALSE
	EndGlobalSection
	GlobalSection(NestedProjects) = preSolution
		{414937A6-5CF0-40A3-8ED2-48F9BB8AB858} = {02EA681E-C7D8-13C7-8484-4AC65E1B71E8}
		{8AFA2B97-63DE-4F3E-B27A-AEDE16DDDA67} = {414937A6-5CF0-40A3-8ED2-48F9BB8AB858}
		{DE76B7E3-D949-45EA-B82D-6F6328724870} = {02EA681E-C7D8-13C7-8484-4AC65E1B71E8}
		{11206481-0D1C-42B9-9807-ABF1E6E6202F} = {DE76B7E3-D949-45EA-B82D-6F6328724870}
		{D9940C32-86C8-450B-9DAD-C2AA87BDA591} = {02EA681E-C7D8-13C7-8484-4AC65E1B71E8}
		{2D1B217E-9B12-4FBD-8FD5-3002CF69A0B0} = {D9940C32-86C8-450B-9DAD-C2AA87BDA591}
		{BD683110-C6CA-4A62-AEBA-4395137223CC} = {D9940C32-86C8-450B-9DAD-C2AA87BDA591}
		{F15F1BED-E777-44FC-A5EB-9F3E3235BB87} = {D9940C32-86C8-450B-9DAD-C2AA87BDA591}
		{5D297088-1B49-4FAE-B179-2A0223A4F5C9} = {2D1B217E-9B12-4FBD-8FD5-3002CF69A0B0}
		{9CF08515-BBA8-4B47-9FA7-598445F8AD3D} = {2D1B217E-9B12-4FBD-8FD5-3002CF69A0B0}
		{0AF8B5E0-CEF5-448B-8558-BD162FAFC637} = {BD683110-C6CA-4A62-AEBA-4395137223CC}
		{0DB0EBC4-451F-4BE5-B75A-849A43364278} = {F15F1BED-E777-44FC-A5EB-9F3E3235BB87}
		{EA14094F-FB55-5ABC-1402-B4229C4AD0B1} = {71D2A58E-2646-443D-8E8E-DE537B6DDD3B}
		{1129236A-CEDE-490C-B5C8-02D91D89088B} = {02EA681E-C7D8-13C7-8484-4AC65E1B71E8}
		{3632C5EF-533F-4729-959A-ECD9550225A2} = {1129236A-CEDE-490C-B5C8-02D91D89088B}
		{5F192368-092D-4D41-9A99-D184E6868705} = {1129236A-CEDE-490C-B5C8-02D91D89088B}
		{6F9A9102-5FE9-41C7-A151-ACAC2FD7BBBE} = {1129236A-CEDE-490C-B5C8-02D91D89088B}
		{0882A738-0210-4930-BAF1-4DC2BE5BC0D2} = {1129236A-CEDE-490C-B5C8-02D91D89088B}
		{4A2C90EE-6470-4271-B108-AEC919249C5D} = {1129236A-CEDE-490C-B5C8-02D91D89088B}
		{B30ABE95-4407-451D-ADCA-333473B1ACC1} = {02EA681E-C7D8-13C7-8484-4AC65E1B71E8}
		{D97B470D-ABA1-4494-BD5C-7272203C2417} = {B30ABE95-4407-451D-ADCA-333473B1ACC1}
	EndGlobalSection
	GlobalSection(ExtensibilityGlobals) = postSolution
		SolutionGuid = {E760591A-A72C-47E8-B2C6-078229783544}
	EndGlobalSection
EndGlobal
